{
  "name": "package",
  "version": "1.0.0",
  "lockfileVersion": 1,
  "requires": true,
  "dependencies": {
    "async": {
      "version": "0.2.10",
      "resolved": "https://registry.npmjs.org/async/-/async-0.2.10.tgz",
      "integrity": "sha1-trvgsGdLnXGXCMo43owjfLUmw9E="
    },
    "colors": {
      "version": "0.6.2",
      "resolved": "https://registry.npmjs.org/colors/-/colors-0.6.2.tgz",
      "integrity": "sha1-JCP+ZnisDF2uiFLl0OW+CMmXq8w="
    },
    "events": {
      "version": "0.5.0",
      "resolved": "https://registry.npmjs.org/events/-/events-0.5.0.tgz",
      "integrity": "sha1-mFPOXmEyQfE+UYKhytEPKkFK8hY="
    },
    "fuzelog": {
      "version": "1.4.7",
      "resolved": "https://registry.npmjs.org/fuzelog/-/fuzelog-1.4.7.tgz",
      "integrity": "sha1-bD/4TW+1MVDFw1cZVW9lX41d/qA=",
      "requires": {
        "colors": "0.6.2",
        "sprintf.js": "0.1.3"
      }
    },
    "node-uuid": {
      "version": "1.4.8",
      "resolved": "https://registry.npmjs.org/node-uuid/-/node-uuid-1.4.8.tgz",
      "integrity": "sha1-sEDrCSOWivq/jTL7HxfxFn/auQc="
    },
    "readline": {
      "version": "1.3.0",
      "resolved": "https://registry.npmjs.org/readline/-/readline-1.3.0.tgz",
      "integrity": "sha1-xYDXfvLPyHUrEySYBg3JeTp6wBw="
    },
    "readline-sync": {
      "version": "1.4.9",
      "resolved": "https://registry.npmjs.org/readline-sync/-/readline-sync-1.4.9.tgz",
      "integrity": "sha1-PtqOZfI80qF+YTAbHwADOWr17No="
    },
    "redis": {
      "version": "0.8.6",
      "resolved": "https://registry.npmjs.org/redis/-/redis-0.8.6.tgz",
      "integrity": "sha1-p66PDW+tJL3q/+KBWNbNHxydMLg="
    },
    "sinc": {
      "version": "0.0.1",
      "resolved": "https://registry.npmjs.org/sinc/-/sinc-0.0.1.tgz",
      "integrity": "sha1-WDtLCfDf/TnUHzVaGLFp34h5GTE=",
      "requires": {
        "async": "0.2.x",
        "events": "0.5.x",
        "fuzelog": "1.4.x",
        "node-uuid": "1.4.x",
        "redis": "0.8.x",
        "underscore": "1.4.x"
      }
    },
    "sprintf.js": {
      "version": "0.1.3",
      "resolved": "https://registry.npmjs.org/sprintf.js/-/sprintf.js-0.1.3.tgz",
      "integrity": "sha1-odS85ApOvOMJuqUo/rrwp625rz4="
    },
    "underscore": {
      "version": "1.4.4",
      "resolved": "https://registry.npmjs.org/underscore/-/underscore-1.4.4.tgz",
      "integrity": "sha1-YaajIBBiKvoHljvzJSA88SI51gQ="
    }
  }
}
